<?xml version="1.0" encoding="utf-8"?>
<Project ToolsVersion="4.0" xmlns="http://schemas.microsoft.com/developer/msbuild/2003">
  <ItemGroup>
    <ClCompile Include="Source\main.cpp" />
    <ClCompile Include="Source\MiniMap.cpp" />
    <ClCompile Include="Source\Inventory.cpp">
      <Filter>Objects\Player\Inventory</Filter>
    </ClCompile>
    <ClCompile Include="Source\Item.cpp">
      <Filter>Objects\Player\Inventory</Filter>
    </ClCompile>
    <ClCompile Include="Source\Physics.cpp">
      <Filter>Logic</Filter>
    </ClCompile>
    <ClCompile Include="Source\StateManager.cpp">
      <Filter>Logic</Filter>
    </ClCompile>
    <ClCompile Include="Source\SpriteAnimation.cpp">
      <Filter>Logic</Filter>
    </ClCompile>
    <ClCompile Include="Source\BoundBox_2D.cpp">
      <Filter>Objects\Collision</Filter>
    </ClCompile>
    <ClCompile Include="Source\BoundBox_3D.cpp">
      <Filter>Objects\Collision</Filter>
    </ClCompile>
    <ClCompile Include="Source\CollideBox.cpp">
      <Filter>Objects\Collision</Filter>
    </ClCompile>
    <ClCompile Include="Source\Collision.cpp">
      <Filter>Objects\Collision</Filter>
    </ClCompile>
    <ClCompile Include="Source\Camera.cpp">
      <Filter>Objects\Camera</Filter>
    </ClCompile>
    <ClCompile Include="Source\Camera3.cpp">
      <Filter>Objects\Camera</Filter>
    </ClCompile>
    <ClCompile Include="Source\GameObject.cpp">
      <Filter>Objects\Template</Filter>
    </ClCompile>
    <ClCompile Include="Source\Object.cpp">
      <Filter>Objects\Template</Filter>
    </ClCompile>
    <ClCompile Include="Source\StaticObject.cpp">
      <Filter>Objects\Template</Filter>
    </ClCompile>
    <ClCompile Include="Source\TileObject.cpp">
      <Filter>Objects\Template</Filter>
    </ClCompile>
    <ClCompile Include="Source\Player.cpp">
      <Filter>Objects\Player</Filter>
    </ClCompile>
    <ClCompile Include="Source\Enemy.cpp">
      <Filter>Objects\Enemies</Filter>
    </ClCompile>
    <ClCompile Include="Source\Ogre.cpp">
      <Filter>Objects\Enemies\Ogre</Filter>
    </ClCompile>
    <ClCompile Include="Source\Map.cpp">
      <Filter>Logic\Map</Filter>
    </ClCompile>
    <ClCompile Include="Source\MapManager.cpp">
      <Filter>Logic\Map</Filter>
    </ClCompile>
    <ClCompile Include="Source\SoundManager.cpp">
      <Filter>Logic\Audio</Filter>
    </ClCompile>
    <ClCompile Include="Source\LoadOBJ.cpp">
      <Filter>Black_Box\Video\3D</Filter>
    </ClCompile>
    <ClCompile Include="Source\shader.cpp">
      <Filter>Black_Box\Video\3D\Shader</Filter>
    </ClCompile>
    <ClCompile Include="Source\DepthFBO.cpp">
      <Filter>Black_Box\Video\3D\Shader</Filter>
    </ClCompile>
    <ClCompile Include="Source\LoadHmap.cpp">
      <Filter>Black_Box\Video\3D</Filter>
    </ClCompile>
    <ClCompile Include="Source\LoadTGA.cpp">
      <Filter>Black_Box\Video\TGA</Filter>
    </ClCompile>
    <ClCompile Include="Source\Mesh.cpp">
      <Filter>Black_Box\Video\Meshes</Filter>
    </ClCompile>
    <ClCompile Include="Source\MeshBuilder.cpp">
      <Filter>Black_Box\Video\Meshes</Filter>
    </ClCompile>
    <ClCompile Include="Source\MeshList.cpp">
      <Filter>Black_Box\Video\Meshes</Filter>
    </ClCompile>
    <ClCompile Include="Source\utilities.cpp">
      <Filter>Black_Box\Logic</Filter>
    </ClCompile>
    <ClCompile Include="Source\Utility.cpp">
      <Filter>Black_Box\Logic</Filter>
    </ClCompile>
    <ClCompile Include="Source\FontData.cpp">
      <Filter>Black_Box</Filter>
    </ClCompile>
    <ClCompile Include="Source\Model.cpp">
      <Filter>Logic\MVC\Model</Filter>
    </ClCompile>
    <ClCompile Include="Source\View.cpp">
      <Filter>Logic\MVC\View</Filter>
    </ClCompile>
    <ClCompile Include="Source\Controller.cpp">
      <Filter>Logic\MVC\Controller</Filter>
    </ClCompile>
    <ClCompile Include="Source\Model_Level.cpp">
      <Filter>Levels</Filter>
    </ClCompile>
    <ClCompile Include="Source\Model_Level1.cpp">
      <Filter>Levels</Filter>
    </ClCompile>
    <ClCompile Include="Source\Model_Level2.cpp">
      <Filter>Levels</Filter>
    </ClCompile>
    <ClCompile Include="Source\Model_Level3.cpp">
      <Filter>Levels</Filter>
    </ClCompile>
    <ClCompile Include="Source\PathFinding.cpp" />
    <ClCompile Include="Source\View_Level.cpp" />
    <ClCompile Include="Source\Camera_2D.cpp" />
    <ClCompile Include="Source\PuzzleManager.cpp" />
    <ClCompile Include="Source\TriggerObject.cpp" />
    <ClCompile Include="Source\UI_Object.cpp" />
    <ClCompile Include="Source\TriggerArea.cpp" />
    <ClCompile Include="Source\Puzzle.cpp" />
    <ClCompile Include="Source\Model_Level4.cpp">
      <Filter>Levels</Filter>
    </ClCompile>
    <ClCompile Include="Source\Model_Screen.cpp">
      <Filter>Levels</Filter>
    </ClCompile>
  </ItemGroup>
  <ItemGroup>
    <ClInclude Include="Source\MiniMap.h" />
    <ClInclude Include="Source\Light.h">
      <Filter>Black_Box\Video</Filter>
    </ClInclude>
    <ClInclude Include="..\..\..\GDT%2714\SP3\Base\Source\Item.h">
      <Filter>Objects\Player\Inventory</Filter>
    </ClInclude>
    <ClInclude Include="..\..\..\GDT%2714\SP3\Base\Source\Inventory.h">
      <Filter>Objects\Player\Inventory</Filter>
    </ClInclude>
    <ClInclude Include="Source\Material.h">
      <Filter>Black_Box\Video</Filter>
    </ClInclude>
    <ClInclude Include="Source\Physics.h">
      <Filter>Logic</Filter>
    </ClInclude>
    <ClInclude Include="Source\StateManager.h">
      <Filter>Logic</Filter>
    </ClInclude>
    <ClInclude Include="Source\SpriteAnimation.h">
      <Filter>Logic</Filter>
    </ClInclude>
    <ClInclude Include="Source\BoundBox.h">
      <Filter>Objects\Collision</Filter>
    </ClInclude>
    <ClInclude Include="Source\Collision.h">
      <Filter>Objects\Collision</Filter>
    </ClInclude>
    <ClInclude Include="Source\BoundBox_2D.h">
      <Filter>Objects\Collision</Filter>
    </ClInclude>
    <ClInclude Include="Source\BoundBox_3D.h">
      <Filter>Objects\Collision</Filter>
    </ClInclude>
    <ClInclude Include="Source\Vertex.h">
      <Filter>Black_Box\Video</Filter>
    </ClInclude>
    <ClInclude Include="Source\Camera3.h">
      <Filter>Objects\Camera</Filter>
    </ClInclude>
    <ClInclude Include="Source\Camera.h">
      <Filter>Objects\Camera</Filter>
    </ClInclude>
    <ClInclude Include="Source\GameObject.h">
      <Filter>Objects\Template</Filter>
    </ClInclude>
    <ClInclude Include="Source\Object.h">
      <Filter>Objects\Template</Filter>
    </ClInclude>
    <ClInclude Include="Source\TileObject.h">
      <Filter>Objects\Template</Filter>
    </ClInclude>
    <ClInclude Include="Source\StaticObject.h">
      <Filter>Objects\Template</Filter>
    </ClInclude>
    <ClInclude Include="Source\Player.h">
      <Filter>Objects\Player</Filter>
    </ClInclude>
    <ClInclude Include="Source\Enemy.h">
      <Filter>Objects\Enemies</Filter>
    </ClInclude>
    <ClInclude Include="Source\Ogre.h">
      <Filter>Objects\Enemies\Ogre</Filter>
    </ClInclude>
    <ClInclude Include="Source\MapManager.h">
      <Filter>Logic\Map</Filter>
    </ClInclude>
    <ClInclude Include="Source\Map.h">
      <Filter>Logic\Map</Filter>
    </ClInclude>
    <ClInclude Include="Source\SoundManager.h">
      <Filter>Logic\Audio</Filter>
    </ClInclude>
    <ClInclude Include="Source\LoadOBJ.h">
      <Filter>Black_Box\Video\3D</Filter>
    </ClInclude>
    <ClInclude Include="Source\shader.hpp">
      <Filter>Black_Box\Video\3D\Shader</Filter>
    </ClInclude>
    <ClInclude Include="Source\DepthFBO.h">
      <Filter>Black_Box\Video\3D\Shader</Filter>
    </ClInclude>
    <ClInclude Include="Source\LoadHmap.h">
      <Filter>Black_Box\Video\3D</Filter>
    </ClInclude>
    <ClInclude Include="Source\LoadTGA.h">
      <Filter>Black_Box\Video\TGA</Filter>
    </ClInclude>
    <ClInclude Include="Source\MeshList.h">
      <Filter>Black_Box\Video\Meshes</Filter>
    </ClInclude>
    <ClInclude Include="Source\Mesh.h">
      <Filter>Black_Box\Video\Meshes</Filter>
    </ClInclude>
    <ClInclude Include="Source\MeshBuilder.h">
      <Filter>Black_Box\Video\Meshes</Filter>
    </ClInclude>
    <ClInclude Include="Source\Utility.h">
      <Filter>Black_Box\Logic</Filter>
    </ClInclude>
    <ClInclude Include="Source\utilities.h">
      <Filter>Black_Box\Logic</Filter>
    </ClInclude>
    <ClInclude Include="Source\FontData.h">
      <Filter>Black_Box</Filter>
    </ClInclude>
    <ClInclude Include="Source\Model.h">
      <Filter>Logic\MVC\Model</Filter>
    </ClInclude>
    <ClInclude Include="Source\View.h">
      <Filter>Logic\MVC\View</Filter>
    </ClInclude>
    <ClInclude Include="Source\Controller.h">
      <Filter>Logic\MVC\Controller</Filter>
    </ClInclude>
    <ClInclude Include="Source\Model_Level3.h">
      <Filter>Levels</Filter>
    </ClInclude>
    <ClInclude Include="Source\Model_Level.h">
      <Filter>Levels</Filter>
    </ClInclude>
    <ClInclude Include="Source\Model_Level1.h">
      <Filter>Levels</Filter>
    </ClInclude>
    <ClInclude Include="Source\Model_Level2.h">
      <Filter>Levels</Filter>
    </ClInclude>
    <ClInclude Include="Source\PathFinding.h" />
    <ClInclude Include="Source\View_Level.h" />
    <ClInclude Include="Source\Camera_2D.h" />
    <ClInclude Include="Source\PuzzleManager.h" />
    <ClInclude Include="Source\TriggerObject.h" />
    <ClInclude Include="Source\UI_Object.h" />
    <ClInclude Include="Source\TriggerArea.h" />
    <ClInclude Include="Source\Puzzle.h" />
    <ClInclude Include="Source\Model_Level4.h">
      <Filter>Levels</Filter>
    </ClInclude>
    <ClInclude Include="Source\Model_Screen.h">
      <Filter>Levels</Filter>
    </ClInclude>
  </ItemGroup>
  <ItemGroup>
    <Filter Include="Objects">
      <UniqueIdentifier>{92afa079-13ca-4532-868d-b966582e6d79}</UniqueIdentifier>
    </Filter>
    <Filter Include="Black_Box">
      <UniqueIdentifier>{2e565225-5a89-4235-8524-bff94ca7cad3}</UniqueIdentifier>
    </Filter>
    <Filter Include="Black_Box\Video">
      <UniqueIdentifier>{cc32424f-df03-44de-ba7d-6faa0bd6b683}</UniqueIdentifier>
    </Filter>
    <Filter Include="Logic">
      <UniqueIdentifier>{b566334f-11d4-4720-898a-68c4b72aa2ee}</UniqueIdentifier>
    </Filter>
    <Filter Include="Logic\MVC">
      <UniqueIdentifier>{da2e10df-9335-40fd-9e47-d3c8ca7e4f19}</UniqueIdentifier>
    </Filter>
    <Filter Include="Objects\Collision">
      <UniqueIdentifier>{0e8219e6-c169-4e42-9206-beef3d2defe3}</UniqueIdentifier>
    </Filter>
    <Filter Include="Objects\Camera">
      <UniqueIdentifier>{6188516c-567f-4d95-b068-f0496cc80bd4}</UniqueIdentifier>
    </Filter>
    <Filter Include="Objects\Template">
      <UniqueIdentifier>{9714396e-49c9-4501-830b-8ff1259749ca}</UniqueIdentifier>
    </Filter>
    <Filter Include="Objects\Player">
      <UniqueIdentifier>{5510918e-01c8-4426-820e-bf8c72600045}</UniqueIdentifier>
    </Filter>
    <Filter Include="Objects\Player\Inventory">
      <UniqueIdentifier>{a0eae756-5df7-41ed-a4b7-5585ed9d712b}</UniqueIdentifier>
    </Filter>
    <Filter Include="Objects\Enemies">
      <UniqueIdentifier>{b3041ace-aaff-4934-9a99-59895d0f26bb}</UniqueIdentifier>
    </Filter>
    <Filter Include="Objects\Enemies\Ogre">
      <UniqueIdentifier>{41b49230-57f6-4785-8f92-a3dfe8a64b52}</UniqueIdentifier>
    </Filter>
    <Filter Include="Logic\Map">
      <UniqueIdentifier>{87f6f409-4598-4e01-94b3-df9556b485fe}</UniqueIdentifier>
    </Filter>
    <Filter Include="Logic\Audio">
      <UniqueIdentifier>{4b9276fe-1ba6-4af2-8031-53bf1e9e9056}</UniqueIdentifier>
    </Filter>
    <Filter Include="Black_Box\Video\3D">
      <UniqueIdentifier>{0fa383fc-ab7b-4a01-a73d-e3198a66b20f}</UniqueIdentifier>
    </Filter>
    <Filter Include="Black_Box\Video\3D\Shader">
      <UniqueIdentifier>{08b294d0-7617-4cec-b195-00872dfb6308}</UniqueIdentifier>
    </Filter>
    <Filter Include="Black_Box\Video\TGA">
      <UniqueIdentifier>{7135e663-f8d8-4310-a1fe-0190647a7e4c}</UniqueIdentifier>
    </Filter>
    <Filter Include="Black_Box\Video\Meshes">
      <UniqueIdentifier>{c40eeefc-d2c2-4821-a1e2-af9104f99f22}</UniqueIdentifier>
    </Filter>
    <Filter Include="Black_Box\Logic">
      <UniqueIdentifier>{25f54bb3-b215-4ea1-8896-f5e6d5ed63fa}</UniqueIdentifier>
    </Filter>
    <Filter Include="Logic\MVC\Model">
      <UniqueIdentifier>{853e8803-9c35-4b5a-a87a-e2ade95636ac}</UniqueIdentifier>
    </Filter>
    <Filter Include="Logic\MVC\View">
      <UniqueIdentifier>{5aad946c-73f0-4327-ab28-2d59155224fb}</UniqueIdentifier>
    </Filter>
    <Filter Include="Logic\MVC\Controller">
      <UniqueIdentifier>{5d360d1b-0b4c-423a-b019-15d8385aad0a}</UniqueIdentifier>
    </Filter>
    <Filter Include="Levels">
      <UniqueIdentifier>{f692261b-3dc5-4204-b7d6-cccb86f8d8bd}</UniqueIdentifier>
    </Filter>
  </ItemGroup>
</Project>